
Microsoft Visual Studio Solution File, Format Version 12.00
# Visual Studio Version 17
VisualStudioVersion = 17.8.34330.188
MinimumVisualStudioVersion = 10.0.40219.1
Project("{FAE04EC0-301F-11D3-BF4B-00C04F79EFBC}") = "IqooNeo10", "IqooNeo10\IqooNeo10.csproj", "{68A8C7CD-7ACA-43F2-99CB-F1EC1B8797A8}"
EndProject
Global
	GlobalSection(SolutionConfigurationPlatforms) = preSolution
		Debug|Any CPU = Debug|Any CPU
		Release|Any CPU = Release|Any CPU
	EndGlobalSection
	GlobalSection(ProjectConfigurationPlatforms) = postSolution
		{68A8C7CD-7ACA-43F2-99CB-F1EC1B8797A8}.Debug|Any CPU.ActiveCfg = Debug|Any CPU
		{68A8C7CD-7ACA-43F2-99CB-F1EC1B8797A8}.Debug|Any CPU.Build.0 = Debug|Any CPU
		{68A8C7CD-7ACA-43F2-99CB-F1EC1B8797A8}.Release|Any CPU.ActiveCfg = Release|Any CPU
		{68A8C7CD-7ACA-43F2-99CB-F1EC1B8797A8}.Release|Any CPU.Build.0 = Release|Any CPU
	EndGlobalSection
	GlobalSection(SolutionProperties) = preSolution
		HideSolutionNode = FALSE
	EndGlobalSection
	GlobalSection(ExtensibilityGlobals) = postSolution
		SolutionGuid = {008F4E26-EA78-4C77-9C33-CB9458CF49DA}
	EndGlobalSection
EndGlobal
